
Microsoft Visual Studio Solution File, Format Version 12.00
# Visual Studio Version 16
VisualStudioVersion = 16.0.31025.218
MinimumVisualStudioVersion = 10.0.40219.1
Project("{9A19103F-16F7-4668-BE54-9A1E7A4F7556}") = "promotion-engine", "promotion-engine.csproj", "{A01E6702-9A4E-4577-8F4D-9D4CC1018CDF}"
EndProject
Project("{9A19103F-16F7-4668-BE54-9A1E7A4F7556}") = "promotion-engine-tests", "..\promotion-engine-tests\promotion-engine-tests.csproj", "{B6E223C5-D15C-4621-A539-28D2E97AA488}"
EndProject
Project("{FAE04EC0-301F-11D3-BF4B-00C04F79EFBC}") = "promotion-engine-console", "..\promotion-engine-console\promotion-engine-console.csproj", "{BEB64792-C1D3-4DD5-83B2-3C41C5BC13FB}"
EndProject
Global
	GlobalSection(SolutionConfigurationPlatforms) = preSolution
		Debug|Any CPU = Debug|Any CPU
		Release|Any CPU = Release|Any CPU
	EndGlobalSection
	GlobalSection(ProjectConfigurationPlatforms) = postSolution
		{A01E6702-9A4E-4577-8F4D-9D4CC1018CDF}.Debug|Any CPU.ActiveCfg = Debug|Any CPU
		{A01E6702-9A4E-4577-8F4D-9D4CC1018CDF}.Debug|Any CPU.Build.0 = Debug|Any CPU
		{A01E6702-9A4E-4577-8F4D-9D4CC1018CDF}.Release|Any CPU.ActiveCfg = Release|Any CPU
		{A01E6702-9A4E-4577-8F4D-9D4CC1018CDF}.Release|Any CPU.Build.0 = Release|Any CPU
		{B6E223C5-D15C-4621-A539-28D2E97AA488}.Debug|Any CPU.ActiveCfg = Debug|Any CPU
		{B6E223C5-D15C-4621-A539-28D2E97AA488}.Debug|Any CPU.Build.0 = Debug|Any CPU
		{B6E223C5-D15C-4621-A539-28D2E97AA488}.Release|Any CPU.ActiveCfg = Release|Any CPU
		{B6E223C5-D15C-4621-A539-28D2E97AA488}.Release|Any CPU.Build.0 = Release|Any CPU
		{BEB64792-C1D3-4DD5-83B2-3C41C5BC13FB}.Debug|Any CPU.ActiveCfg = Debug|Any CPU
		{BEB64792-C1D3-4DD5-83B2-3C41C5BC13FB}.Debug|Any CPU.Build.0 = Debug|Any CPU
		{BEB64792-C1D3-4DD5-83B2-3C41C5BC13FB}.Release|Any CPU.ActiveCfg = Release|Any CPU
		{BEB64792-C1D3-4DD5-83B2-3C41C5BC13FB}.Release|Any CPU.Build.0 = Release|Any CPU
	EndGlobalSection
	GlobalSection(SolutionProperties) = preSolution
		HideSolutionNode = FALSE
	EndGlobalSection
	GlobalSection(ExtensibilityGlobals) = postSolution
		SolutionGuid = {25A7F711-A097-4F81-A64E-77A19A74BC88}
	EndGlobalSection
EndGlobal
